
Microsoft Visual Studio Solution File, Format Version 12.00
# Visual Studio Version 17
VisualStudioVersion = 17.5.002.0
MinimumVisualStudioVersion = 10.0.40219.1
Project("{9A19103F-16F7-4668-BE54-9A1E7A4F7556}") = "BackEnd", "BackEnd\BackEnd.csproj", "{95E739EE-1E54-4985-81C9-A324B2D2937F}"
EndProject
Global
	GlobalSection(SolutionConfigurationPlatforms) = preSolution
		Debug|Any CPU = Debug|Any CPU
		Release|Any CPU = Release|Any CPU
	EndGlobalSection
	GlobalSection(ProjectConfigurationPlatforms) = postSolution
		{95E739EE-1E54-4985-81C9-A324B2D2937F}.Debug|Any CPU.ActiveCfg = Debug|Any CPU
		{95E739EE-1E54-4985-81C9-A324B2D2937F}.Debug|Any CPU.Build.0 = Debug|Any CPU
		{95E739EE-1E54-4985-81C9-A324B2D2937F}.Release|Any CPU.ActiveCfg = Release|Any CPU
		{95E739EE-1E54-4985-81C9-A324B2D2937F}.Release|Any CPU.Build.0 = Release|Any CPU
	EndGlobalSection
	GlobalSection(SolutionProperties) = preSolution
		HideSolutionNode = FALSE
	EndGlobalSection
	GlobalSection(ExtensibilityGlobals) = postSolution
		SolutionGuid = {F256E388-09A0-4163-9944-23E7D73D2DC8}
	EndGlobalSection
EndGlobal
